
Microsoft Visual Studio Solution File, Format Version 12.00
# Visual Studio Version 16
VisualStudioVersion = 16.0.32413.511
MinimumVisualStudioVersion = 10.0.40219.1
Project("{9A19103F-16F7-4668-BE54-9A1E7A4F7556}") = "EducationSysetm", "EducationSysetm\EducationSysetm.csproj", "{4DB2F7CF-C864-4266-807C-77C1A214803F}"
EndProject
Project("{9A19103F-16F7-4668-BE54-9A1E7A4F7556}") = "Core", "Core\Core.csproj", "{699FD419-678C-4625-B5DB-13FE0444B64F}"
EndProject
Project("{FAE04EC0-301F-11D3-BF4B-00C04F79EFBC}") = "DataAccessEF", "DataAccessEF\DataAccessEF.csproj", "{3F0DB09F-2774-4D45-8525-90D5F3C92E03}"
EndProject
Global
	GlobalSection(SolutionConfigurationPlatforms) = preSolution
		Debug|Any CPU = Debug|Any CPU
		Release|Any CPU = Release|Any CPU
	EndGlobalSection
	GlobalSection(ProjectConfigurationPlatforms) = postSolution
		{4DB2F7CF-C864-4266-807C-77C1A214803F}.Debug|Any CPU.ActiveCfg = Debug|Any CPU
		{4DB2F7CF-C864-4266-807C-77C1A214803F}.Debug|Any CPU.Build.0 = Debug|Any CPU
		{4DB2F7CF-C864-4266-807C-77C1A214803F}.Release|Any CPU.ActiveCfg = Release|Any CPU
		{4DB2F7CF-C864-4266-807C-77C1A214803F}.Release|Any CPU.Build.0 = Release|Any CPU
		{699FD419-678C-4625-B5DB-13FE0444B64F}.Debug|Any CPU.ActiveCfg = Debug|Any CPU
		{699FD419-678C-4625-B5DB-13FE0444B64F}.Debug|Any CPU.Build.0 = Debug|Any CPU
		{699FD419-678C-4625-B5DB-13FE0444B64F}.Release|Any CPU.ActiveCfg = Release|Any CPU
		{699FD419-678C-4625-B5DB-13FE0444B64F}.Release|Any CPU.Build.0 = Release|Any CPU
		{3F0DB09F-2774-4D45-8525-90D5F3C92E03}.Debug|Any CPU.ActiveCfg = Debug|Any CPU
		{3F0DB09F-2774-4D45-8525-90D5F3C92E03}.Debug|Any CPU.Build.0 = Debug|Any CPU
		{3F0DB09F-2774-4D45-8525-90D5F3C92E03}.Release|Any CPU.ActiveCfg = Release|Any CPU
		{3F0DB09F-2774-4D45-8525-90D5F3C92E03}.Release|Any CPU.Build.0 = Release|Any CPU
	EndGlobalSection
	GlobalSection(SolutionProperties) = preSolution
		HideSolutionNode = FALSE
	EndGlobalSection
	GlobalSection(ExtensibilityGlobals) = postSolution
		SolutionGuid = {48EF4D29-A6A9-4D7F-8C00-8427BFFC5306}
	EndGlobalSection
EndGlobal
